
Microsoft Visual Studio Solution File, Format Version 12.00
# Visual Studio 15
VisualStudioVersion = 15.0.28010.2016
MinimumVisualStudioVersion = 10.0.40219.1
Project("{9A19103F-16F7-4668-BE54-9A1E7A4F7556}") = "ConsulService", "Coursework\ConsulService.csproj", "{52ECAF27-F072-4502-84BF-4EA93E4D596E}"
EndProject
Project("{9A19103F-16F7-4668-BE54-9A1E7A4F7556}") = "ConsulServer", "ConsulServer\ConsulServer.csproj", "{ED0A6FAE-1A1B-4EDD-878D-6E7BF5A81D18}"
EndProject
Project("{9A19103F-16F7-4668-BE54-9A1E7A4F7556}") = "RabbitMQConsumer", "RabbitMQConsumer\RabbitMQConsumer.csproj", "{34CD3754-E1A5-4F90-AB05-2E0924D550BD}"
EndProject
Project("{FAE04EC0-301F-11D3-BF4B-00C04F79EFBC}") = "RazorClient", "RazorClient\RazorClient.csproj", "{6832562E-E554-48B2-BDFE-939A5A3B2895}"
EndProject
Global
	GlobalSection(SolutionConfigurationPlatforms) = preSolution
		Debug|Any CPU = Debug|Any CPU
		Release|Any CPU = Release|Any CPU
	EndGlobalSection
	GlobalSection(ProjectConfigurationPlatforms) = postSolution
		{52ECAF27-F072-4502-84BF-4EA93E4D596E}.Debug|Any CPU.ActiveCfg = Debug|Any CPU
		{52ECAF27-F072-4502-84BF-4EA93E4D596E}.Debug|Any CPU.Build.0 = Debug|Any CPU
		{52ECAF27-F072-4502-84BF-4EA93E4D596E}.Release|Any CPU.ActiveCfg = Release|Any CPU
		{52ECAF27-F072-4502-84BF-4EA93E4D596E}.Release|Any CPU.Build.0 = Release|Any CPU
		{ED0A6FAE-1A1B-4EDD-878D-6E7BF5A81D18}.Debug|Any CPU.ActiveCfg = Debug|Any CPU
		{ED0A6FAE-1A1B-4EDD-878D-6E7BF5A81D18}.Debug|Any CPU.Build.0 = Debug|Any CPU
		{ED0A6FAE-1A1B-4EDD-878D-6E7BF5A81D18}.Release|Any CPU.ActiveCfg = Release|Any CPU
		{ED0A6FAE-1A1B-4EDD-878D-6E7BF5A81D18}.Release|Any CPU.Build.0 = Release|Any CPU
		{34CD3754-E1A5-4F90-AB05-2E0924D550BD}.Debug|Any CPU.ActiveCfg = Debug|Any CPU
		{34CD3754-E1A5-4F90-AB05-2E0924D550BD}.Debug|Any CPU.Build.0 = Debug|Any CPU
		{34CD3754-E1A5-4F90-AB05-2E0924D550BD}.Release|Any CPU.ActiveCfg = Release|Any CPU
		{34CD3754-E1A5-4F90-AB05-2E0924D550BD}.Release|Any CPU.Build.0 = Release|Any CPU
		{6832562E-E554-48B2-BDFE-939A5A3B2895}.Debug|Any CPU.ActiveCfg = Debug|Any CPU
		{6832562E-E554-48B2-BDFE-939A5A3B2895}.Debug|Any CPU.Build.0 = Debug|Any CPU
		{6832562E-E554-48B2-BDFE-939A5A3B2895}.Release|Any CPU.ActiveCfg = Release|Any CPU
		{6832562E-E554-48B2-BDFE-939A5A3B2895}.Release|Any CPU.Build.0 = Release|Any CPU
	EndGlobalSection
	GlobalSection(SolutionProperties) = preSolution
		HideSolutionNode = FALSE
	EndGlobalSection
	GlobalSection(ExtensibilityGlobals) = postSolution
		SolutionGuid = {5AE56361-E8E1-4E5E-BEEF-29D1B02BBF02}
	EndGlobalSection
EndGlobal
